
Microsoft Visual Studio Solution File, Format Version 12.00
# Visual Studio Version 16
VisualStudioVersion = 16.0.31624.102
MinimumVisualStudioVersion = 10.0.40219.1
Project("{FAE04EC0-301F-11D3-BF4B-00C04F79EFBC}") = "POOExample", "POOExample\POOExample.csproj", "{B1BA61F7-F71A-4101-BEF1-0CFC7795E3B3}"
EndProject
Global
	GlobalSection(SolutionConfigurationPlatforms) = preSolution
		Debug|Any CPU = Debug|Any CPU
		Release|Any CPU = Release|Any CPU
	EndGlobalSection
	GlobalSection(ProjectConfigurationPlatforms) = postSolution
		{B1BA61F7-F71A-4101-BEF1-0CFC7795E3B3}.Debug|Any CPU.ActiveCfg = Debug|Any CPU
		{B1BA61F7-F71A-4101-BEF1-0CFC7795E3B3}.Debug|Any CPU.Build.0 = Debug|Any CPU
		{B1BA61F7-F71A-4101-BEF1-0CFC7795E3B3}.Release|Any CPU.ActiveCfg = Release|Any CPU
		{B1BA61F7-F71A-4101-BEF1-0CFC7795E3B3}.Release|Any CPU.Build.0 = Release|Any CPU
	EndGlobalSection
	GlobalSection(SolutionProperties) = preSolution
		HideSolutionNode = FALSE
	EndGlobalSection
	GlobalSection(ExtensibilityGlobals) = postSolution
		SolutionGuid = {98DEDCC4-8BE3-45F8-A4E5-074C4E95084C}
	EndGlobalSection
EndGlobal
